
Microsoft Visual Studio Solution File, Format Version 12.00
# Visual Studio Version 17
VisualStudioVersion = 17.14.36414.22 d17.14
MinimumVisualStudioVersion = 10.0.40219.1
Project("{FAE04EC0-301F-11D3-BF4B-00C04F79EFBC}") = "HiveBox.API", "HiveBox.API\HiveBox.API.csproj", "{A10CF8A7-E685-45EC-A85F-B2B0712F8D3C}"
EndProject
Global
	GlobalSection(SolutionConfigurationPlatforms) = preSolution
		Debug|Any CPU = Debug|Any CPU
		Release|Any CPU = Release|Any CPU
	EndGlobalSection
	GlobalSection(ProjectConfigurationPlatforms) = postSolution
		{A10CF8A7-E685-45EC-A85F-B2B0712F8D3C}.Debug|Any CPU.ActiveCfg = Debug|Any CPU
		{A10CF8A7-E685-45EC-A85F-B2B0712F8D3C}.Debug|Any CPU.Build.0 = Debug|Any CPU
		{A10CF8A7-E685-45EC-A85F-B2B0712F8D3C}.Release|Any CPU.ActiveCfg = Release|Any CPU
		{A10CF8A7-E685-45EC-A85F-B2B0712F8D3C}.Release|Any CPU.Build.0 = Release|Any CPU
	EndGlobalSection
	GlobalSection(SolutionProperties) = preSolution
		HideSolutionNode = FALSE
	EndGlobalSection
	GlobalSection(ExtensibilityGlobals) = postSolution
		SolutionGuid = {968D051F-6762-4DB7-AF58-14DA2CD4D2F5}
	EndGlobalSection
EndGlobal
